
Microsoft Visual Studio Solution File, Format Version 12.00
# Visual Studio 14
VisualStudioVersion = 14.0.25420.1
MinimumVisualStudioVersion = 10.0.40219.1
Project("{FAE04EC0-301F-11D3-BF4B-00C04F79EFBC}") = "Crystal3", "lib\Crystal\src\Crystal3\Crystal3.csproj", "{E7AC86BE-E1F7-42E4-8DA0-7E1EBEF1130B}"
EndProject
Project("{2150E333-8FDC-42A3-9474-1A3956D46DE8}") = "References", "References", "{F6BEB515-FBD7-48BD-B69A-6C6FBA875A68}"
EndProject
Project("{FAE04EC0-301F-11D3-BF4B-00C04F79EFBC}") = "Neptunium", "src\Neptunium\Neptunium.csproj", "{32CDACB4-5993-4892-AAA5-BC71C819E253}"
EndProject
Project("{FAE04EC0-301F-11D3-BF4B-00C04F79EFBC}") = "Neptunium.MediaSourceStream", "src\Neptunium.MediaSourceStream\Neptunium.MediaSourceStream.csproj", "{6CBB529C-D32A-48B0-90D7-073D7AE2CB41}"
EndProject
Project("{FAE04EC0-301F-11D3-BF4B-00C04F79EFBC}") = "Neptunium.Shared", "src\Neptunium.Shared\Neptunium.Shared.csproj", "{8006955B-8D3F-494F-98C6-7610A7E1B1A2}"
EndProject
Project("{FAE04EC0-301F-11D3-BF4B-00C04F79EFBC}") = "Kimono", "lib\Kimono\src\Kimono\Kimono.csproj", "{329833B1-79B7-4724-B9A2-0629D735BEA1}"
EndProject
Project("{FAE04EC0-301F-11D3-BF4B-00C04F79EFBC}") = "WinRTXamlToolkit", "lib\winrtxamltoolkit\WinRTXamlToolkit\WinRTXamlToolkit.csproj", "{FFB67E2D-F098-48D9-8BF6-B4355C18CD80}"
EndProject
Project("{FAE04EC0-301F-11D3-BF4B-00C04F79EFBC}") = "Hqub.MusicBrainz.API.Portable", "lib\MusicBrainz\Hqub.MusicBrainz\Hqub.MusicBrainz.API.Portable\Hqub.MusicBrainz.API.Portable.csproj", "{08D4701E-168C-43D1-9C6E-34B079CFD934}"
EndProject
Project("{FAE04EC0-301F-11D3-BF4B-00C04F79EFBC}") = "Kukkii", "lib\Kukkii\src\Kukkii\Kukkii.csproj", "{C05D6334-A960-4289-8104-7B554E987F0A}"
EndProject
Project("{FAE04EC0-301F-11D3-BF4B-00C04F79EFBC}") = "iTunesSearch.Library", "lib\iTunesSearch\iTunesSearch.Library\iTunesSearch.Library.csproj", "{C36D8DDE-14CF-4A2D-B2C6-179EEBB77E0C}"
EndProject
Global
	GlobalSection(SolutionConfigurationPlatforms) = preSolution
		Debug|Any CPU = Debug|Any CPU
		Debug|ARM = Debug|ARM
		Debug|x64 = Debug|x64
		Debug|x86 = Debug|x86
		Release|Any CPU = Release|Any CPU
		Release|ARM = Release|ARM
		Release|x64 = Release|x64
		Release|x86 = Release|x86
		Travis|Any CPU = Travis|Any CPU
		Travis|ARM = Travis|ARM
		Travis|x64 = Travis|x64
		Travis|x86 = Travis|x86
	EndGlobalSection
	GlobalSection(ProjectConfigurationPlatforms) = postSolution
		{E7AC86BE-E1F7-42E4-8DA0-7E1EBEF1130B}.Debug|Any CPU.ActiveCfg = Debug|Any CPU
		{E7AC86BE-E1F7-42E4-8DA0-7E1EBEF1130B}.Debug|Any CPU.Build.0 = Debug|Any CPU
		{E7AC86BE-E1F7-42E4-8DA0-7E1EBEF1130B}.Debug|ARM.ActiveCfg = Debug|ARM
		{E7AC86BE-E1F7-42E4-8DA0-7E1EBEF1130B}.Debug|ARM.Build.0 = Debug|ARM
		{E7AC86BE-E1F7-42E4-8DA0-7E1EBEF1130B}.Debug|x64.ActiveCfg = Debug|x64
		{E7AC86BE-E1F7-42E4-8DA0-7E1EBEF1130B}.Debug|x64.Build.0 = Debug|x64
		{E7AC86BE-E1F7-42E4-8DA0-7E1EBEF1130B}.Debug|x86.ActiveCfg = Debug|x86
		{E7AC86BE-E1F7-42E4-8DA0-7E1EBEF1130B}.Debug|x86.Build.0 = Debug|x86
		{E7AC86BE-E1F7-42E4-8DA0-7E1EBEF1130B}.Release|Any CPU.ActiveCfg = Release|Any CPU
		{E7AC86BE-E1F7-42E4-8DA0-7E1EBEF1130B}.Release|Any CPU.Build.0 = Release|Any CPU
		{E7AC86BE-E1F7-42E4-8DA0-7E1EBEF1130B}.Release|ARM.ActiveCfg = Release|ARM
		{E7AC86BE-E1F7-42E4-8DA0-7E1EBEF1130B}.Release|ARM.Build.0 = Release|ARM
		{E7AC86BE-E1F7-42E4-8DA0-7E1EBEF1130B}.Release|x64.ActiveCfg = Release|x64
		{E7AC86BE-E1F7-42E4-8DA0-7E1EBEF1130B}.Release|x64.Build.0 = Release|x64
		{E7AC86BE-E1F7-42E4-8DA0-7E1EBEF1130B}.Release|x86.ActiveCfg = Release|x86
		{E7AC86BE-E1F7-42E4-8DA0-7E1EBEF1130B}.Release|x86.Build.0 = Release|x86
		{E7AC86BE-E1F7-42E4-8DA0-7E1EBEF1130B}.Travis|Any CPU.ActiveCfg = Release|Any CPU
		{E7AC86BE-E1F7-42E4-8DA0-7E1EBEF1130B}.Travis|Any CPU.Build.0 = Release|Any CPU
		{E7AC86BE-E1F7-42E4-8DA0-7E1EBEF1130B}.Travis|ARM.ActiveCfg = Release|ARM
		{E7AC86BE-E1F7-42E4-8DA0-7E1EBEF1130B}.Travis|ARM.Build.0 = Release|ARM
		{E7AC86BE-E1F7-42E4-8DA0-7E1EBEF1130B}.Travis|x64.ActiveCfg = Release|x64
		{E7AC86BE-E1F7-42E4-8DA0-7E1EBEF1130B}.Travis|x64.Build.0 = Release|x64
		{E7AC86BE-E1F7-42E4-8DA0-7E1EBEF1130B}.Travis|x86.ActiveCfg = Release|x86
		{E7AC86BE-E1F7-42E4-8DA0-7E1EBEF1130B}.Travis|x86.Build.0 = Release|x86
		{32CDACB4-5993-4892-AAA5-BC71C819E253}.Debug|Any CPU.ActiveCfg = Debug|x86
		{32CDACB4-5993-4892-AAA5-BC71C819E253}.Debug|ARM.ActiveCfg = Debug|ARM
		{32CDACB4-5993-4892-AAA5-BC71C819E253}.Debug|ARM.Build.0 = Debug|ARM
		{32CDACB4-5993-4892-AAA5-BC71C819E253}.Debug|ARM.Deploy.0 = Debug|ARM
		{32CDACB4-5993-4892-AAA5-BC71C819E253}.Debug|x64.ActiveCfg = Debug|x64
		{32CDACB4-5993-4892-AAA5-BC71C819E253}.Debug|x64.Build.0 = Debug|x64
		{32CDACB4-5993-4892-AAA5-BC71C819E253}.Debug|x64.Deploy.0 = Debug|x64
		{32CDACB4-5993-4892-AAA5-BC71C819E253}.Debug|x86.ActiveCfg = Debug|x86
		{32CDACB4-5993-4892-AAA5-BC71C819E253}.Debug|x86.Build.0 = Debug|x86
		{32CDACB4-5993-4892-AAA5-BC71C819E253}.Debug|x86.Deploy.0 = Debug|x86
		{32CDACB4-5993-4892-AAA5-BC71C819E253}.Release|Any CPU.ActiveCfg = Release|x86
		{32CDACB4-5993-4892-AAA5-BC71C819E253}.Release|ARM.ActiveCfg = Release|ARM
		{32CDACB4-5993-4892-AAA5-BC71C819E253}.Release|ARM.Build.0 = Release|ARM
		{32CDACB4-5993-4892-AAA5-BC71C819E253}.Release|ARM.Deploy.0 = Release|ARM
		{32CDACB4-5993-4892-AAA5-BC71C819E253}.Release|x64.ActiveCfg = Release|x64
		{32CDACB4-5993-4892-AAA5-BC71C819E253}.Release|x64.Build.0 = Release|x64
		{32CDACB4-5993-4892-AAA5-BC71C819E253}.Release|x64.Deploy.0 = Release|x64
		{32CDACB4-5993-4892-AAA5-BC71C819E253}.Release|x86.ActiveCfg = Release|x86
		{32CDACB4-5993-4892-AAA5-BC71C819E253}.Release|x86.Build.0 = Release|x86
		{32CDACB4-5993-4892-AAA5-BC71C819E253}.Release|x86.Deploy.0 = Release|x86
		{32CDACB4-5993-4892-AAA5-BC71C819E253}.Travis|Any CPU.ActiveCfg = Release|x64
		{32CDACB4-5993-4892-AAA5-BC71C819E253}.Travis|Any CPU.Build.0 = Release|x64
		{32CDACB4-5993-4892-AAA5-BC71C819E253}.Travis|Any CPU.Deploy.0 = Release|x64
		{32CDACB4-5993-4892-AAA5-BC71C819E253}.Travis|ARM.ActiveCfg = Release|ARM
		{32CDACB4-5993-4892-AAA5-BC71C819E253}.Travis|ARM.Build.0 = Release|ARM
		{32CDACB4-5993-4892-AAA5-BC71C819E253}.Travis|ARM.Deploy.0 = Release|ARM
		{32CDACB4-5993-4892-AAA5-BC71C819E253}.Travis|x64.ActiveCfg = Release|x64
		{32CDACB4-5993-4892-AAA5-BC71C819E253}.Travis|x64.Build.0 = Release|x64
		{32CDACB4-5993-4892-AAA5-BC71C819E253}.Travis|x64.Deploy.0 = Release|x64
		{32CDACB4-5993-4892-AAA5-BC71C819E253}.Travis|x86.ActiveCfg = Release|x86
		{32CDACB4-5993-4892-AAA5-BC71C819E253}.Travis|x86.Build.0 = Release|x86
		{32CDACB4-5993-4892-AAA5-BC71C819E253}.Travis|x86.Deploy.0 = Release|x86
		{6CBB529C-D32A-48B0-90D7-073D7AE2CB41}.Debug|Any CPU.ActiveCfg = Debug|Any CPU
		{6CBB529C-D32A-48B0-90D7-073D7AE2CB41}.Debug|Any CPU.Build.0 = Debug|Any CPU
		{6CBB529C-D32A-48B0-90D7-073D7AE2CB41}.Debug|ARM.ActiveCfg = Debug|ARM
		{6CBB529C-D32A-48B0-90D7-073D7AE2CB41}.Debug|ARM.Build.0 = Debug|ARM
		{6CBB529C-D32A-48B0-90D7-073D7AE2CB41}.Debug|x64.ActiveCfg = Debug|x64
		{6CBB529C-D32A-48B0-90D7-073D7AE2CB41}.Debug|x64.Build.0 = Debug|x64
		{6CBB529C-D32A-48B0-90D7-073D7AE2CB41}.Debug|x86.ActiveCfg = Debug|x86
		{6CBB529C-D32A-48B0-90D7-073D7AE2CB41}.Debug|x86.Build.0 = Debug|x86
		{6CBB529C-D32A-48B0-90D7-073D7AE2CB41}.Release|Any CPU.ActiveCfg = Release|Any CPU
		{6CBB529C-D32A-48B0-90D7-073D7AE2CB41}.Release|Any CPU.Build.0 = Release|Any CPU
		{6CBB529C-D32A-48B0-90D7-073D7AE2CB41}.Release|ARM.ActiveCfg = Release|ARM
		{6CBB529C-D32A-48B0-90D7-073D7AE2CB41}.Release|ARM.Build.0 = Release|ARM
		{6CBB529C-D32A-48B0-90D7-073D7AE2CB41}.Release|x64.ActiveCfg = Release|x64
		{6CBB529C-D32A-48B0-90D7-073D7AE2CB41}.Release|x64.Build.0 = Release|x64
		{6CBB529C-D32A-48B0-90D7-073D7AE2CB41}.Release|x86.ActiveCfg = Release|x86
		{6CBB529C-D32A-48B0-90D7-073D7AE2CB41}.Release|x86.Build.0 = Release|x86
		{6CBB529C-D32A-48B0-90D7-073D7AE2CB41}.Travis|Any CPU.ActiveCfg = Release|Any CPU
		{6CBB529C-D32A-48B0-90D7-073D7AE2CB41}.Travis|Any CPU.Build.0 = Release|Any CPU
		{6CBB529C-D32A-48B0-90D7-073D7AE2CB41}.Travis|ARM.ActiveCfg = Release|ARM
		{6CBB529C-D32A-48B0-90D7-073D7AE2CB41}.Travis|ARM.Build.0 = Release|ARM
		{6CBB529C-D32A-48B0-90D7-073D7AE2CB41}.Travis|x64.ActiveCfg = Release|x64
		{6CBB529C-D32A-48B0-90D7-073D7AE2CB41}.Travis|x64.Build.0 = Release|x64
		{6CBB529C-D32A-48B0-90D7-073D7AE2CB41}.Travis|x86.ActiveCfg = Release|x86
		{6CBB529C-D32A-48B0-90D7-073D7AE2CB41}.Travis|x86.Build.0 = Release|x86
		{8006955B-8D3F-494F-98C6-7610A7E1B1A2}.Debug|Any CPU.ActiveCfg = Debug|Any CPU
		{8006955B-8D3F-494F-98C6-7610A7E1B1A2}.Debug|Any CPU.Build.0 = Debug|Any CPU
		{8006955B-8D3F-494F-98C6-7610A7E1B1A2}.Debug|ARM.ActiveCfg = Debug|ARM
		{8006955B-8D3F-494F-98C6-7610A7E1B1A2}.Debug|ARM.Build.0 = Debug|ARM
		{8006955B-8D3F-494F-98C6-7610A7E1B1A2}.Debug|x64.ActiveCfg = Debug|x64
		{8006955B-8D3F-494F-98C6-7610A7E1B1A2}.Debug|x64.Build.0 = Debug|x64
		{8006955B-8D3F-494F-98C6-7610A7E1B1A2}.Debug|x86.ActiveCfg = Debug|x86
		{8006955B-8D3F-494F-98C6-7610A7E1B1A2}.Debug|x86.Build.0 = Debug|x86
		{8006955B-8D3F-494F-98C6-7610A7E1B1A2}.Release|Any CPU.ActiveCfg = Release|Any CPU
		{8006955B-8D3F-494F-98C6-7610A7E1B1A2}.Release|Any CPU.Build.0 = Release|Any CPU
		{8006955B-8D3F-494F-98C6-7610A7E1B1A2}.Release|ARM.ActiveCfg = Release|ARM
		{8006955B-8D3F-494F-98C6-7610A7E1B1A2}.Release|ARM.Build.0 = Release|ARM
		{8006955B-8D3F-494F-98C6-7610A7E1B1A2}.Release|x64.ActiveCfg = Release|x64
		{8006955B-8D3F-494F-98C6-7610A7E1B1A2}.Release|x64.Build.0 = Release|x64
		{8006955B-8D3F-494F-98C6-7610A7E1B1A2}.Release|x86.ActiveCfg = Release|x86
		{8006955B-8D3F-494F-98C6-7610A7E1B1A2}.Release|x86.Build.0 = Release|x86
		{8006955B-8D3F-494F-98C6-7610A7E1B1A2}.Travis|Any CPU.ActiveCfg = Release|Any CPU
		{8006955B-8D3F-494F-98C6-7610A7E1B1A2}.Travis|Any CPU.Build.0 = Release|Any CPU
		{8006955B-8D3F-494F-98C6-7610A7E1B1A2}.Travis|ARM.ActiveCfg = Release|ARM
		{8006955B-8D3F-494F-98C6-7610A7E1B1A2}.Travis|ARM.Build.0 = Release|ARM
		{8006955B-8D3F-494F-98C6-7610A7E1B1A2}.Travis|x64.ActiveCfg = Release|x64
		{8006955B-8D3F-494F-98C6-7610A7E1B1A2}.Travis|x64.Build.0 = Release|x64
		{8006955B-8D3F-494F-98C6-7610A7E1B1A2}.Travis|x86.ActiveCfg = Release|x86
		{8006955B-8D3F-494F-98C6-7610A7E1B1A2}.Travis|x86.Build.0 = Release|x86
		{329833B1-79B7-4724-B9A2-0629D735BEA1}.Debug|Any CPU.ActiveCfg = Debug|Any CPU
		{329833B1-79B7-4724-B9A2-0629D735BEA1}.Debug|Any CPU.Build.0 = Debug|Any CPU
		{329833B1-79B7-4724-B9A2-0629D735BEA1}.Debug|ARM.ActiveCfg = Debug|ARM
		{329833B1-79B7-4724-B9A2-0629D735BEA1}.Debug|ARM.Build.0 = Debug|ARM
		{329833B1-79B7-4724-B9A2-0629D735BEA1}.Debug|x64.ActiveCfg = Debug|x64
		{329833B1-79B7-4724-B9A2-0629D735BEA1}.Debug|x64.Build.0 = Debug|x64
		{329833B1-79B7-4724-B9A2-0629D735BEA1}.Debug|x86.ActiveCfg = Debug|x86
		{329833B1-79B7-4724-B9A2-0629D735BEA1}.Debug|x86.Build.0 = Debug|x86
		{329833B1-79B7-4724-B9A2-0629D735BEA1}.Release|Any CPU.ActiveCfg = Release|Any CPU
		{329833B1-79B7-4724-B9A2-0629D735BEA1}.Release|Any CPU.Build.0 = Release|Any CPU
		{329833B1-79B7-4724-B9A2-0629D735BEA1}.Release|ARM.ActiveCfg = Release|ARM
		{329833B1-79B7-4724-B9A2-0629D735BEA1}.Release|ARM.Build.0 = Release|ARM
		{329833B1-79B7-4724-B9A2-0629D735BEA1}.Release|x64.ActiveCfg = Release|x64
		{329833B1-79B7-4724-B9A2-0629D735BEA1}.Release|x64.Build.0 = Release|x64
		{329833B1-79B7-4724-B9A2-0629D735BEA1}.Release|x86.ActiveCfg = Release|x86
		{329833B1-79B7-4724-B9A2-0629D735BEA1}.Release|x86.Build.0 = Release|x86
		{329833B1-79B7-4724-B9A2-0629D735BEA1}.Travis|Any CPU.ActiveCfg = Release|Any CPU
		{329833B1-79B7-4724-B9A2-0629D735BEA1}.Travis|Any CPU.Build.0 = Release|Any CPU
		{329833B1-79B7-4724-B9A2-0629D735BEA1}.Travis|ARM.ActiveCfg = Release|ARM
		{329833B1-79B7-4724-B9A2-0629D735BEA1}.Travis|ARM.Build.0 = Release|ARM
		{329833B1-79B7-4724-B9A2-0629D735BEA1}.Travis|x64.ActiveCfg = Release|x64
		{329833B1-79B7-4724-B9A2-0629D735BEA1}.Travis|x64.Build.0 = Release|x64
		{329833B1-79B7-4724-B9A2-0629D735BEA1}.Travis|x86.ActiveCfg = Release|x86
		{329833B1-79B7-4724-B9A2-0629D735BEA1}.Travis|x86.Build.0 = Release|x86
		{FFB67E2D-F098-48D9-8BF6-B4355C18CD80}.Debug|Any CPU.ActiveCfg = Debug|Any CPU
		{FFB67E2D-F098-48D9-8BF6-B4355C18CD80}.Debug|Any CPU.Build.0 = Debug|Any CPU
		{FFB67E2D-F098-48D9-8BF6-B4355C18CD80}.Debug|ARM.ActiveCfg = Debug|ARM
		{FFB67E2D-F098-48D9-8BF6-B4355C18CD80}.Debug|ARM.Build.0 = Debug|ARM
		{FFB67E2D-F098-48D9-8BF6-B4355C18CD80}.Debug|x64.ActiveCfg = Debug|x64
		{FFB67E2D-F098-48D9-8BF6-B4355C18CD80}.Debug|x64.Build.0 = Debug|x64
		{FFB67E2D-F098-48D9-8BF6-B4355C18CD80}.Debug|x86.ActiveCfg = Debug|x86
		{FFB67E2D-F098-48D9-8BF6-B4355C18CD80}.Debug|x86.Build.0 = Debug|x86
		{FFB67E2D-F098-48D9-8BF6-B4355C18CD80}.Release|Any CPU.ActiveCfg = Release|Any CPU
		{FFB67E2D-F098-48D9-8BF6-B4355C18CD80}.Release|Any CPU.Build.0 = Release|Any CPU
		{FFB67E2D-F098-48D9-8BF6-B4355C18CD80}.Release|ARM.ActiveCfg = Release|ARM
		{FFB67E2D-F098-48D9-8BF6-B4355C18CD80}.Release|ARM.Build.0 = Release|ARM
		{FFB67E2D-F098-48D9-8BF6-B4355C18CD80}.Release|x64.ActiveCfg = Release|x64
		{FFB67E2D-F098-48D9-8BF6-B4355C18CD80}.Release|x64.Build.0 = Release|x64
		{FFB67E2D-F098-48D9-8BF6-B4355C18CD80}.Release|x86.ActiveCfg = Release|x86
		{FFB67E2D-F098-48D9-8BF6-B4355C18CD80}.Release|x86.Build.0 = Release|x86
		{FFB67E2D-F098-48D9-8BF6-B4355C18CD80}.Travis|Any CPU.ActiveCfg = Release|Any CPU
		{FFB67E2D-F098-48D9-8BF6-B4355C18CD80}.Travis|Any CPU.Build.0 = Release|Any CPU
		{FFB67E2D-F098-48D9-8BF6-B4355C18CD80}.Travis|ARM.ActiveCfg = Release|ARM
		{FFB67E2D-F098-48D9-8BF6-B4355C18CD80}.Travis|ARM.Build.0 = Release|ARM
		{FFB67E2D-F098-48D9-8BF6-B4355C18CD80}.Travis|x64.ActiveCfg = Release|x64
		{FFB67E2D-F098-48D9-8BF6-B4355C18CD80}.Travis|x64.Build.0 = Release|x64
		{FFB67E2D-F098-48D9-8BF6-B4355C18CD80}.Travis|x86.ActiveCfg = Release|x86
		{FFB67E2D-F098-48D9-8BF6-B4355C18CD80}.Travis|x86.Build.0 = Release|x86
		{08D4701E-168C-43D1-9C6E-34B079CFD934}.Debug|Any CPU.ActiveCfg = Debug|Any CPU
		{08D4701E-168C-43D1-9C6E-34B079CFD934}.Debug|Any CPU.Build.0 = Debug|Any CPU
		{08D4701E-168C-43D1-9C6E-34B079CFD934}.Debug|ARM.ActiveCfg = Debug|Any CPU
		{08D4701E-168C-43D1-9C6E-34B079CFD934}.Debug|ARM.Build.0 = Debug|Any CPU
		{08D4701E-168C-43D1-9C6E-34B079CFD934}.Debug|x64.ActiveCfg = Debug|Any CPU
		{08D4701E-168C-43D1-9C6E-34B079CFD934}.Debug|x64.Build.0 = Debug|Any CPU
		{08D4701E-168C-43D1-9C6E-34B079CFD934}.Debug|x86.ActiveCfg = Debug|Any CPU
		{08D4701E-168C-43D1-9C6E-34B079CFD934}.Debug|x86.Build.0 = Debug|Any CPU
		{08D4701E-168C-43D1-9C6E-34B079CFD934}.Release|Any CPU.ActiveCfg = Release|Any CPU
		{08D4701E-168C-43D1-9C6E-34B079CFD934}.Release|Any CPU.Build.0 = Release|Any CPU
		{08D4701E-168C-43D1-9C6E-34B079CFD934}.Release|ARM.ActiveCfg = Release|Any CPU
		{08D4701E-168C-43D1-9C6E-34B079CFD934}.Release|ARM.Build.0 = Release|Any CPU
		{08D4701E-168C-43D1-9C6E-34B079CFD934}.Release|x64.ActiveCfg = Release|Any CPU
		{08D4701E-168C-43D1-9C6E-34B079CFD934}.Release|x64.Build.0 = Release|Any CPU
		{08D4701E-168C-43D1-9C6E-34B079CFD934}.Release|x86.ActiveCfg = Release|Any CPU
		{08D4701E-168C-43D1-9C6E-34B079CFD934}.Release|x86.Build.0 = Release|Any CPU
		{08D4701E-168C-43D1-9C6E-34B079CFD934}.Travis|Any CPU.ActiveCfg = Travis|Any CPU
		{08D4701E-168C-43D1-9C6E-34B079CFD934}.Travis|Any CPU.Build.0 = Travis|Any CPU
		{08D4701E-168C-43D1-9C6E-34B079CFD934}.Travis|ARM.ActiveCfg = Travis|Any CPU
		{08D4701E-168C-43D1-9C6E-34B079CFD934}.Travis|ARM.Build.0 = Travis|Any CPU
		{08D4701E-168C-43D1-9C6E-34B079CFD934}.Travis|x64.ActiveCfg = Travis|Any CPU
		{08D4701E-168C-43D1-9C6E-34B079CFD934}.Travis|x64.Build.0 = Travis|Any CPU
		{08D4701E-168C-43D1-9C6E-34B079CFD934}.Travis|x86.ActiveCfg = Travis|Any CPU
		{08D4701E-168C-43D1-9C6E-34B079CFD934}.Travis|x86.Build.0 = Travis|Any CPU
		{C05D6334-A960-4289-8104-7B554E987F0A}.Debug|Any CPU.ActiveCfg = Debug|Any CPU
		{C05D6334-A960-4289-8104-7B554E987F0A}.Debug|Any CPU.Build.0 = Debug|Any CPU
		{C05D6334-A960-4289-8104-7B554E987F0A}.Debug|ARM.ActiveCfg = Debug|ARM
		{C05D6334-A960-4289-8104-7B554E987F0A}.Debug|ARM.Build.0 = Debug|ARM
		{C05D6334-A960-4289-8104-7B554E987F0A}.Debug|x64.ActiveCfg = Debug|x64
		{C05D6334-A960-4289-8104-7B554E987F0A}.Debug|x64.Build.0 = Debug|x64
		{C05D6334-A960-4289-8104-7B554E987F0A}.Debug|x86.ActiveCfg = Debug|x86
		{C05D6334-A960-4289-8104-7B554E987F0A}.Debug|x86.Build.0 = Debug|x86
		{C05D6334-A960-4289-8104-7B554E987F0A}.Release|Any CPU.ActiveCfg = Release|Any CPU
		{C05D6334-A960-4289-8104-7B554E987F0A}.Release|Any CPU.Build.0 = Release|Any CPU
		{C05D6334-A960-4289-8104-7B554E987F0A}.Release|ARM.ActiveCfg = Release|ARM
		{C05D6334-A960-4289-8104-7B554E987F0A}.Release|ARM.Build.0 = Release|ARM
		{C05D6334-A960-4289-8104-7B554E987F0A}.Release|x64.ActiveCfg = Release|x64
		{C05D6334-A960-4289-8104-7B554E987F0A}.Release|x64.Build.0 = Release|x64
		{C05D6334-A960-4289-8104-7B554E987F0A}.Release|x86.ActiveCfg = Release|x86
		{C05D6334-A960-4289-8104-7B554E987F0A}.Release|x86.Build.0 = Release|x86
		{C05D6334-A960-4289-8104-7B554E987F0A}.Travis|Any CPU.ActiveCfg = Release|Any CPU
		{C05D6334-A960-4289-8104-7B554E987F0A}.Travis|Any CPU.Build.0 = Release|Any CPU
		{C05D6334-A960-4289-8104-7B554E987F0A}.Travis|ARM.ActiveCfg = Release|ARM
		{C05D6334-A960-4289-8104-7B554E987F0A}.Travis|ARM.Build.0 = Release|ARM
		{C05D6334-A960-4289-8104-7B554E987F0A}.Travis|x64.ActiveCfg = Release|x64
		{C05D6334-A960-4289-8104-7B554E987F0A}.Travis|x64.Build.0 = Release|x64
		{C05D6334-A960-4289-8104-7B554E987F0A}.Travis|x86.ActiveCfg = Release|x86
		{C05D6334-A960-4289-8104-7B554E987F0A}.Travis|x86.Build.0 = Release|x86
		{C36D8DDE-14CF-4A2D-B2C6-179EEBB77E0C}.Debug|Any CPU.ActiveCfg = Debug|Any CPU
		{C36D8DDE-14CF-4A2D-B2C6-179EEBB77E0C}.Debug|Any CPU.Build.0 = Debug|Any CPU
		{C36D8DDE-14CF-4A2D-B2C6-179EEBB77E0C}.Debug|ARM.ActiveCfg = Debug|Any CPU
		{C36D8DDE-14CF-4A2D-B2C6-179EEBB77E0C}.Debug|ARM.Build.0 = Debug|Any CPU
		{C36D8DDE-14CF-4A2D-B2C6-179EEBB77E0C}.Debug|x64.ActiveCfg = Debug|Any CPU
		{C36D8DDE-14CF-4A2D-B2C6-179EEBB77E0C}.Debug|x64.Build.0 = Debug|Any CPU
		{C36D8DDE-14CF-4A2D-B2C6-179EEBB77E0C}.Debug|x86.ActiveCfg = Debug|Any CPU
		{C36D8DDE-14CF-4A2D-B2C6-179EEBB77E0C}.Debug|x86.Build.0 = Debug|Any CPU
		{C36D8DDE-14CF-4A2D-B2C6-179EEBB77E0C}.Release|Any CPU.ActiveCfg = Release|Any CPU
		{C36D8DDE-14CF-4A2D-B2C6-179EEBB77E0C}.Release|Any CPU.Build.0 = Release|Any CPU
		{C36D8DDE-14CF-4A2D-B2C6-179EEBB77E0C}.Release|ARM.ActiveCfg = Release|Any CPU
		{C36D8DDE-14CF-4A2D-B2C6-179EEBB77E0C}.Release|ARM.Build.0 = Release|Any CPU
		{C36D8DDE-14CF-4A2D-B2C6-179EEBB77E0C}.Release|x64.ActiveCfg = Release|Any CPU
		{C36D8DDE-14CF-4A2D-B2C6-179EEBB77E0C}.Release|x64.Build.0 = Release|Any CPU
		{C36D8DDE-14CF-4A2D-B2C6-179EEBB77E0C}.Release|x86.ActiveCfg = Release|Any CPU
		{C36D8DDE-14CF-4A2D-B2C6-179EEBB77E0C}.Release|x86.Build.0 = Release|Any CPU
		{C36D8DDE-14CF-4A2D-B2C6-179EEBB77E0C}.Travis|Any CPU.ActiveCfg = Release|Any CPU
		{C36D8DDE-14CF-4A2D-B2C6-179EEBB77E0C}.Travis|Any CPU.Build.0 = Release|Any CPU
		{C36D8DDE-14CF-4A2D-B2C6-179EEBB77E0C}.Travis|ARM.ActiveCfg = Release|Any CPU
		{C36D8DDE-14CF-4A2D-B2C6-179EEBB77E0C}.Travis|ARM.Build.0 = Release|Any CPU
		{C36D8DDE-14CF-4A2D-B2C6-179EEBB77E0C}.Travis|x64.ActiveCfg = Release|Any CPU
		{C36D8DDE-14CF-4A2D-B2C6-179EEBB77E0C}.Travis|x64.Build.0 = Release|Any CPU
		{C36D8DDE-14CF-4A2D-B2C6-179EEBB77E0C}.Travis|x86.ActiveCfg = Release|Any CPU
		{C36D8DDE-14CF-4A2D-B2C6-179EEBB77E0C}.Travis|x86.Build.0 = Release|Any CPU
	EndGlobalSection
	GlobalSection(SolutionProperties) = preSolution
		HideSolutionNode = FALSE
	EndGlobalSection
	GlobalSection(NestedProjects) = preSolution
		{E7AC86BE-E1F7-42E4-8DA0-7E1EBEF1130B} = {F6BEB515-FBD7-48BD-B69A-6C6FBA875A68}
		{329833B1-79B7-4724-B9A2-0629D735BEA1} = {F6BEB515-FBD7-48BD-B69A-6C6FBA875A68}
		{FFB67E2D-F098-48D9-8BF6-B4355C18CD80} = {F6BEB515-FBD7-48BD-B69A-6C6FBA875A68}
		{08D4701E-168C-43D1-9C6E-34B079CFD934} = {F6BEB515-FBD7-48BD-B69A-6C6FBA875A68}
		{C05D6334-A960-4289-8104-7B554E987F0A} = {F6BEB515-FBD7-48BD-B69A-6C6FBA875A68}
		{C36D8DDE-14CF-4A2D-B2C6-179EEBB77E0C} = {F6BEB515-FBD7-48BD-B69A-6C6FBA875A68}
	EndGlobalSection
EndGlobal
