
Microsoft Visual Studio Solution File, Format Version 12.00
# Visual Studio 15
VisualStudioVersion = 15.0.27130.2010
MinimumVisualStudioVersion = 10.0.40219.1
Project("{FAE04EC0-301F-11D3-BF4B-00C04F79EFBC}") = "Crystal3", "lib\Crystal\src\Crystal3\Crystal3.csproj", "{E7AC86BE-E1F7-42E4-8DA0-7E1EBEF1130B}"
EndProject
Project("{2150E333-8FDC-42A3-9474-1A3956D46DE8}") = "References", "References", "{F6BEB515-FBD7-48BD-B69A-6C6FBA875A68}"
EndProject
Project("{FAE04EC0-301F-11D3-BF4B-00C04F79EFBC}") = "Neptunium", "src\Neptunium\Neptunium.csproj", "{32CDACB4-5993-4892-AAA5-BC71C819E253}"
EndProject
Project("{FAE04EC0-301F-11D3-BF4B-00C04F79EFBC}") = "Kimono", "lib\Kimono\src\Kimono\Kimono.csproj", "{329833B1-79B7-4724-B9A2-0629D735BEA1}"
EndProject
Project("{FAE04EC0-301F-11D3-BF4B-00C04F79EFBC}") = "WinRTXamlToolkit", "lib\winrtxamltoolkit\WinRTXamlToolkit\WinRTXamlToolkit.csproj", "{FFB67E2D-F098-48D9-8BF6-B4355C18CD80}"
EndProject
Project("{FAE04EC0-301F-11D3-BF4B-00C04F79EFBC}") = "Kukkii", "lib\Kukkii\src\Kukkii\Kukkii.csproj", "{C05D6334-A960-4289-8104-7B554E987F0A}"
EndProject
Project("{FAE04EC0-301F-11D3-BF4B-00C04F79EFBC}") = "UWPShoutcastMSS", "lib\UWPShoutcastMSS\src\UWPShoutcastMSS\UWPShoutcastMSS.csproj", "{99BF0EFD-5F65-489A-B2F7-F11CC89B81B8}"
EndProject
Project("{FAE04EC0-301F-11D3-BF4B-00C04F79EFBC}") = "Hqub.MusicBrainz.API.UWP", "lib\MusicBrainz\Hqub.MusicBrainz\Hqub.MusicBrainz.API.UWP\Hqub.MusicBrainz.API.UWP.csproj", "{E2BF69EC-25BB-44B6-830F-1C383410DBE4}"
EndProject
Global
	GlobalSection(SolutionConfigurationPlatforms) = preSolution
		Debug|ARM = Debug|ARM
		Debug|x64 = Debug|x64
		Debug|x86 = Debug|x86
		Release|ARM = Release|ARM
		Release|x64 = Release|x64
		Release|x86 = Release|x86
		Travis|ARM = Travis|ARM
		Travis|x64 = Travis|x64
		Travis|x86 = Travis|x86
	EndGlobalSection
	GlobalSection(ProjectConfigurationPlatforms) = postSolution
		{E7AC86BE-E1F7-42E4-8DA0-7E1EBEF1130B}.Debug|ARM.ActiveCfg = Debug|ARM
		{E7AC86BE-E1F7-42E4-8DA0-7E1EBEF1130B}.Debug|ARM.Build.0 = Debug|ARM
		{E7AC86BE-E1F7-42E4-8DA0-7E1EBEF1130B}.Debug|x64.ActiveCfg = Debug|x64
		{E7AC86BE-E1F7-42E4-8DA0-7E1EBEF1130B}.Debug|x64.Build.0 = Debug|x64
		{E7AC86BE-E1F7-42E4-8DA0-7E1EBEF1130B}.Debug|x86.ActiveCfg = Debug|x86
		{E7AC86BE-E1F7-42E4-8DA0-7E1EBEF1130B}.Debug|x86.Build.0 = Debug|x86
		{E7AC86BE-E1F7-42E4-8DA0-7E1EBEF1130B}.Release|ARM.ActiveCfg = Release|ARM
		{E7AC86BE-E1F7-42E4-8DA0-7E1EBEF1130B}.Release|ARM.Build.0 = Release|ARM
		{E7AC86BE-E1F7-42E4-8DA0-7E1EBEF1130B}.Release|x64.ActiveCfg = Release|x64
		{E7AC86BE-E1F7-42E4-8DA0-7E1EBEF1130B}.Release|x64.Build.0 = Release|x64
		{E7AC86BE-E1F7-42E4-8DA0-7E1EBEF1130B}.Release|x86.ActiveCfg = Release|x86
		{E7AC86BE-E1F7-42E4-8DA0-7E1EBEF1130B}.Release|x86.Build.0 = Release|x86
		{E7AC86BE-E1F7-42E4-8DA0-7E1EBEF1130B}.Travis|ARM.ActiveCfg = Release|ARM
		{E7AC86BE-E1F7-42E4-8DA0-7E1EBEF1130B}.Travis|ARM.Build.0 = Release|ARM
		{E7AC86BE-E1F7-42E4-8DA0-7E1EBEF1130B}.Travis|x64.ActiveCfg = Release|x64
		{E7AC86BE-E1F7-42E4-8DA0-7E1EBEF1130B}.Travis|x64.Build.0 = Release|x64
		{E7AC86BE-E1F7-42E4-8DA0-7E1EBEF1130B}.Travis|x86.ActiveCfg = Release|x86
		{E7AC86BE-E1F7-42E4-8DA0-7E1EBEF1130B}.Travis|x86.Build.0 = Release|x86
		{32CDACB4-5993-4892-AAA5-BC71C819E253}.Debug|ARM.ActiveCfg = Debug|ARM
		{32CDACB4-5993-4892-AAA5-BC71C819E253}.Debug|ARM.Build.0 = Debug|ARM
		{32CDACB4-5993-4892-AAA5-BC71C819E253}.Debug|ARM.Deploy.0 = Debug|ARM
		{32CDACB4-5993-4892-AAA5-BC71C819E253}.Debug|x64.ActiveCfg = Debug|x64
		{32CDACB4-5993-4892-AAA5-BC71C819E253}.Debug|x64.Build.0 = Debug|x64
		{32CDACB4-5993-4892-AAA5-BC71C819E253}.Debug|x64.Deploy.0 = Debug|x64
		{32CDACB4-5993-4892-AAA5-BC71C819E253}.Debug|x86.ActiveCfg = Debug|x86
		{32CDACB4-5993-4892-AAA5-BC71C819E253}.Debug|x86.Build.0 = Debug|x86
		{32CDACB4-5993-4892-AAA5-BC71C819E253}.Debug|x86.Deploy.0 = Debug|x86
		{32CDACB4-5993-4892-AAA5-BC71C819E253}.Release|ARM.ActiveCfg = Release|ARM
		{32CDACB4-5993-4892-AAA5-BC71C819E253}.Release|ARM.Build.0 = Release|ARM
		{32CDACB4-5993-4892-AAA5-BC71C819E253}.Release|ARM.Deploy.0 = Release|ARM
		{32CDACB4-5993-4892-AAA5-BC71C819E253}.Release|x64.ActiveCfg = Release|x64
		{32CDACB4-5993-4892-AAA5-BC71C819E253}.Release|x64.Build.0 = Release|x64
		{32CDACB4-5993-4892-AAA5-BC71C819E253}.Release|x64.Deploy.0 = Release|x64
		{32CDACB4-5993-4892-AAA5-BC71C819E253}.Release|x86.ActiveCfg = Release|x86
		{32CDACB4-5993-4892-AAA5-BC71C819E253}.Release|x86.Build.0 = Release|x86
		{32CDACB4-5993-4892-AAA5-BC71C819E253}.Release|x86.Deploy.0 = Release|x86
		{32CDACB4-5993-4892-AAA5-BC71C819E253}.Travis|ARM.ActiveCfg = Release|ARM
		{32CDACB4-5993-4892-AAA5-BC71C819E253}.Travis|ARM.Build.0 = Release|ARM
		{32CDACB4-5993-4892-AAA5-BC71C819E253}.Travis|ARM.Deploy.0 = Release|ARM
		{32CDACB4-5993-4892-AAA5-BC71C819E253}.Travis|x64.ActiveCfg = Release|x64
		{32CDACB4-5993-4892-AAA5-BC71C819E253}.Travis|x64.Build.0 = Release|x64
		{32CDACB4-5993-4892-AAA5-BC71C819E253}.Travis|x64.Deploy.0 = Release|x64
		{32CDACB4-5993-4892-AAA5-BC71C819E253}.Travis|x86.ActiveCfg = Release|x86
		{32CDACB4-5993-4892-AAA5-BC71C819E253}.Travis|x86.Build.0 = Release|x86
		{32CDACB4-5993-4892-AAA5-BC71C819E253}.Travis|x86.Deploy.0 = Release|x86
		{329833B1-79B7-4724-B9A2-0629D735BEA1}.Debug|ARM.ActiveCfg = Debug|ARM
		{329833B1-79B7-4724-B9A2-0629D735BEA1}.Debug|ARM.Build.0 = Debug|ARM
		{329833B1-79B7-4724-B9A2-0629D735BEA1}.Debug|x64.ActiveCfg = Debug|x64
		{329833B1-79B7-4724-B9A2-0629D735BEA1}.Debug|x64.Build.0 = Debug|x64
		{329833B1-79B7-4724-B9A2-0629D735BEA1}.Debug|x86.ActiveCfg = Debug|x86
		{329833B1-79B7-4724-B9A2-0629D735BEA1}.Debug|x86.Build.0 = Debug|x86
		{329833B1-79B7-4724-B9A2-0629D735BEA1}.Release|ARM.ActiveCfg = Release|ARM
		{329833B1-79B7-4724-B9A2-0629D735BEA1}.Release|ARM.Build.0 = Release|ARM
		{329833B1-79B7-4724-B9A2-0629D735BEA1}.Release|x64.ActiveCfg = Release|x64
		{329833B1-79B7-4724-B9A2-0629D735BEA1}.Release|x64.Build.0 = Release|x64
		{329833B1-79B7-4724-B9A2-0629D735BEA1}.Release|x86.ActiveCfg = Release|x86
		{329833B1-79B7-4724-B9A2-0629D735BEA1}.Release|x86.Build.0 = Release|x86
		{329833B1-79B7-4724-B9A2-0629D735BEA1}.Travis|ARM.ActiveCfg = Release|ARM
		{329833B1-79B7-4724-B9A2-0629D735BEA1}.Travis|ARM.Build.0 = Release|ARM
		{329833B1-79B7-4724-B9A2-0629D735BEA1}.Travis|x64.ActiveCfg = Release|x64
		{329833B1-79B7-4724-B9A2-0629D735BEA1}.Travis|x64.Build.0 = Release|x64
		{329833B1-79B7-4724-B9A2-0629D735BEA1}.Travis|x86.ActiveCfg = Release|x86
		{329833B1-79B7-4724-B9A2-0629D735BEA1}.Travis|x86.Build.0 = Release|x86
		{FFB67E2D-F098-48D9-8BF6-B4355C18CD80}.Debug|ARM.ActiveCfg = Debug|ARM
		{FFB67E2D-F098-48D9-8BF6-B4355C18CD80}.Debug|ARM.Build.0 = Debug|ARM
		{FFB67E2D-F098-48D9-8BF6-B4355C18CD80}.Debug|x64.ActiveCfg = Debug|x64
		{FFB67E2D-F098-48D9-8BF6-B4355C18CD80}.Debug|x64.Build.0 = Debug|x64
		{FFB67E2D-F098-48D9-8BF6-B4355C18CD80}.Debug|x86.ActiveCfg = Debug|x86
		{FFB67E2D-F098-48D9-8BF6-B4355C18CD80}.Debug|x86.Build.0 = Debug|x86
		{FFB67E2D-F098-48D9-8BF6-B4355C18CD80}.Release|ARM.ActiveCfg = Release|ARM
		{FFB67E2D-F098-48D9-8BF6-B4355C18CD80}.Release|ARM.Build.0 = Release|ARM
		{FFB67E2D-F098-48D9-8BF6-B4355C18CD80}.Release|x64.ActiveCfg = Release|x64
		{FFB67E2D-F098-48D9-8BF6-B4355C18CD80}.Release|x64.Build.0 = Release|x64
		{FFB67E2D-F098-48D9-8BF6-B4355C18CD80}.Release|x86.ActiveCfg = Release|x86
		{FFB67E2D-F098-48D9-8BF6-B4355C18CD80}.Release|x86.Build.0 = Release|x86
		{FFB67E2D-F098-48D9-8BF6-B4355C18CD80}.Travis|ARM.ActiveCfg = Release|ARM
		{FFB67E2D-F098-48D9-8BF6-B4355C18CD80}.Travis|ARM.Build.0 = Release|ARM
		{FFB67E2D-F098-48D9-8BF6-B4355C18CD80}.Travis|x64.ActiveCfg = Release|x64
		{FFB67E2D-F098-48D9-8BF6-B4355C18CD80}.Travis|x64.Build.0 = Release|x64
		{FFB67E2D-F098-48D9-8BF6-B4355C18CD80}.Travis|x86.ActiveCfg = Release|x86
		{FFB67E2D-F098-48D9-8BF6-B4355C18CD80}.Travis|x86.Build.0 = Release|x86
		{C05D6334-A960-4289-8104-7B554E987F0A}.Debug|ARM.ActiveCfg = Debug|ARM
		{C05D6334-A960-4289-8104-7B554E987F0A}.Debug|ARM.Build.0 = Debug|ARM
		{C05D6334-A960-4289-8104-7B554E987F0A}.Debug|x64.ActiveCfg = Debug|x64
		{C05D6334-A960-4289-8104-7B554E987F0A}.Debug|x64.Build.0 = Debug|x64
		{C05D6334-A960-4289-8104-7B554E987F0A}.Debug|x86.ActiveCfg = Debug|x86
		{C05D6334-A960-4289-8104-7B554E987F0A}.Debug|x86.Build.0 = Debug|x86
		{C05D6334-A960-4289-8104-7B554E987F0A}.Release|ARM.ActiveCfg = Release|ARM
		{C05D6334-A960-4289-8104-7B554E987F0A}.Release|ARM.Build.0 = Release|ARM
		{C05D6334-A960-4289-8104-7B554E987F0A}.Release|x64.ActiveCfg = Release|x64
		{C05D6334-A960-4289-8104-7B554E987F0A}.Release|x64.Build.0 = Release|x64
		{C05D6334-A960-4289-8104-7B554E987F0A}.Release|x86.ActiveCfg = Release|x86
		{C05D6334-A960-4289-8104-7B554E987F0A}.Release|x86.Build.0 = Release|x86
		{C05D6334-A960-4289-8104-7B554E987F0A}.Travis|ARM.ActiveCfg = Release|ARM
		{C05D6334-A960-4289-8104-7B554E987F0A}.Travis|ARM.Build.0 = Release|ARM
		{C05D6334-A960-4289-8104-7B554E987F0A}.Travis|x64.ActiveCfg = Release|x64
		{C05D6334-A960-4289-8104-7B554E987F0A}.Travis|x64.Build.0 = Release|x64
		{C05D6334-A960-4289-8104-7B554E987F0A}.Travis|x86.ActiveCfg = Release|x86
		{C05D6334-A960-4289-8104-7B554E987F0A}.Travis|x86.Build.0 = Release|x86
		{99BF0EFD-5F65-489A-B2F7-F11CC89B81B8}.Debug|ARM.ActiveCfg = Debug|ARM
		{99BF0EFD-5F65-489A-B2F7-F11CC89B81B8}.Debug|ARM.Build.0 = Debug|ARM
		{99BF0EFD-5F65-489A-B2F7-F11CC89B81B8}.Debug|x64.ActiveCfg = Debug|x64
		{99BF0EFD-5F65-489A-B2F7-F11CC89B81B8}.Debug|x64.Build.0 = Debug|x64
		{99BF0EFD-5F65-489A-B2F7-F11CC89B81B8}.Debug|x86.ActiveCfg = Debug|x86
		{99BF0EFD-5F65-489A-B2F7-F11CC89B81B8}.Debug|x86.Build.0 = Debug|x86
		{99BF0EFD-5F65-489A-B2F7-F11CC89B81B8}.Release|ARM.ActiveCfg = Release|ARM
		{99BF0EFD-5F65-489A-B2F7-F11CC89B81B8}.Release|ARM.Build.0 = Release|ARM
		{99BF0EFD-5F65-489A-B2F7-F11CC89B81B8}.Release|x64.ActiveCfg = Release|x64
		{99BF0EFD-5F65-489A-B2F7-F11CC89B81B8}.Release|x64.Build.0 = Release|x64
		{99BF0EFD-5F65-489A-B2F7-F11CC89B81B8}.Release|x86.ActiveCfg = Release|x86
		{99BF0EFD-5F65-489A-B2F7-F11CC89B81B8}.Release|x86.Build.0 = Release|x86
		{99BF0EFD-5F65-489A-B2F7-F11CC89B81B8}.Travis|ARM.ActiveCfg = Release|ARM
		{99BF0EFD-5F65-489A-B2F7-F11CC89B81B8}.Travis|ARM.Build.0 = Release|ARM
		{99BF0EFD-5F65-489A-B2F7-F11CC89B81B8}.Travis|x64.ActiveCfg = Release|x64
		{99BF0EFD-5F65-489A-B2F7-F11CC89B81B8}.Travis|x64.Build.0 = Release|x64
		{99BF0EFD-5F65-489A-B2F7-F11CC89B81B8}.Travis|x86.ActiveCfg = Release|x86
		{99BF0EFD-5F65-489A-B2F7-F11CC89B81B8}.Travis|x86.Build.0 = Release|x86
		{E2BF69EC-25BB-44B6-830F-1C383410DBE4}.Debug|ARM.ActiveCfg = Debug|ARM
		{E2BF69EC-25BB-44B6-830F-1C383410DBE4}.Debug|ARM.Build.0 = Debug|ARM
		{E2BF69EC-25BB-44B6-830F-1C383410DBE4}.Debug|x64.ActiveCfg = Debug|x64
		{E2BF69EC-25BB-44B6-830F-1C383410DBE4}.Debug|x64.Build.0 = Debug|x64
		{E2BF69EC-25BB-44B6-830F-1C383410DBE4}.Debug|x86.ActiveCfg = Debug|x86
		{E2BF69EC-25BB-44B6-830F-1C383410DBE4}.Debug|x86.Build.0 = Debug|x86
		{E2BF69EC-25BB-44B6-830F-1C383410DBE4}.Release|ARM.ActiveCfg = Release|ARM
		{E2BF69EC-25BB-44B6-830F-1C383410DBE4}.Release|ARM.Build.0 = Release|ARM
		{E2BF69EC-25BB-44B6-830F-1C383410DBE4}.Release|x64.ActiveCfg = Release|x64
		{E2BF69EC-25BB-44B6-830F-1C383410DBE4}.Release|x64.Build.0 = Release|x64
		{E2BF69EC-25BB-44B6-830F-1C383410DBE4}.Release|x86.ActiveCfg = Release|x86
		{E2BF69EC-25BB-44B6-830F-1C383410DBE4}.Release|x86.Build.0 = Release|x86
		{E2BF69EC-25BB-44B6-830F-1C383410DBE4}.Travis|ARM.ActiveCfg = Release|ARM
		{E2BF69EC-25BB-44B6-830F-1C383410DBE4}.Travis|ARM.Build.0 = Release|ARM
		{E2BF69EC-25BB-44B6-830F-1C383410DBE4}.Travis|x64.ActiveCfg = Release|x64
		{E2BF69EC-25BB-44B6-830F-1C383410DBE4}.Travis|x64.Build.0 = Release|x64
		{E2BF69EC-25BB-44B6-830F-1C383410DBE4}.Travis|x86.ActiveCfg = Release|x86
		{E2BF69EC-25BB-44B6-830F-1C383410DBE4}.Travis|x86.Build.0 = Release|x86
	EndGlobalSection
	GlobalSection(SolutionProperties) = preSolution
		HideSolutionNode = FALSE
	EndGlobalSection
	GlobalSection(NestedProjects) = preSolution
		{E7AC86BE-E1F7-42E4-8DA0-7E1EBEF1130B} = {F6BEB515-FBD7-48BD-B69A-6C6FBA875A68}
		{329833B1-79B7-4724-B9A2-0629D735BEA1} = {F6BEB515-FBD7-48BD-B69A-6C6FBA875A68}
		{FFB67E2D-F098-48D9-8BF6-B4355C18CD80} = {F6BEB515-FBD7-48BD-B69A-6C6FBA875A68}
		{C05D6334-A960-4289-8104-7B554E987F0A} = {F6BEB515-FBD7-48BD-B69A-6C6FBA875A68}
		{99BF0EFD-5F65-489A-B2F7-F11CC89B81B8} = {F6BEB515-FBD7-48BD-B69A-6C6FBA875A68}
		{E2BF69EC-25BB-44B6-830F-1C383410DBE4} = {F6BEB515-FBD7-48BD-B69A-6C6FBA875A68}
	EndGlobalSection
	GlobalSection(ExtensibilityGlobals) = postSolution
		SolutionGuid = {6E27DCDA-A390-4831-B7E0-F0F28781CC7F}
	EndGlobalSection
EndGlobal
